
Microsoft Visual Studio Solution File, Format Version 12.00
# Visual Studio Version 17
VisualStudioVersion = 17.14.36623.8 d17.14
MinimumVisualStudioVersion = 10.0.40219.1
Project("{FAE04EC0-301F-11D3-BF4B-00C04F79EFBC}") = "CompanyApi", "CompanyApi\CompanyApi.csproj", "{A9E7DECD-C26E-4200-A63B-F09202C66F8F}"
EndProject
Global
	GlobalSection(SolutionConfigurationPlatforms) = preSolution
		Debug|Any CPU = Debug|Any CPU
		Release|Any CPU = Release|Any CPU
	EndGlobalSection
	GlobalSection(ProjectConfigurationPlatforms) = postSolution
		{A9E7DECD-C26E-4200-A63B-F09202C66F8F}.Debug|Any CPU.ActiveCfg = Debug|Any CPU
		{A9E7DECD-C26E-4200-A63B-F09202C66F8F}.Debug|Any CPU.Build.0 = Debug|Any CPU
		{A9E7DECD-C26E-4200-A63B-F09202C66F8F}.Release|Any CPU.ActiveCfg = Release|Any CPU
		{A9E7DECD-C26E-4200-A63B-F09202C66F8F}.Release|Any CPU.Build.0 = Release|Any CPU
	EndGlobalSection
	GlobalSection(SolutionProperties) = preSolution
		HideSolutionNode = FALSE
	EndGlobalSection
	GlobalSection(ExtensibilityGlobals) = postSolution
		SolutionGuid = {8D05475B-4726-4F94-8F8C-31AFD6629191}
	EndGlobalSection
EndGlobal
